{
    "name": "projx-notification-worker",
    "version": "1.0.0",
    "lockfileVersion": 2,
    "requires": true,
    "packages": {
        "": {
            "name": "projx-notification-worker",
            "version": "1.0.0",
            "license": "UNLICENSED",
            "dependencies": {
                "axios": "^0.26.0",
                "projx-services-components": "file:../../projx-services/projx-services-components"
            }
        },
        "../../projx-services/projx-services-components": {
            "version": "1.0.0",
            "license": "UNLICENSED",
            "dependencies": {
                "@google-cloud/logging-winston": "^4.2.2",
                "amqplib": "^0.8.0",
                "axios": "^0.26.0",
                "bcrypt": "^5.0.1",
                "dotenv": "^11.0.0",
                "firebase-admin": "^10.0.2",
                "jose": "^4.3.8",
                "jsonwebtoken": "^8.5.1",
                "mariadb": "^3.0.0",
                "mongodb": "^4.3.1",
                "sequelize": "^6.17.0",
                "uuid": "^8.3.2",
                "winston": "^3.7.2"
            },
            "devDependencies": {
                "chai": "^4.3.6",
                "mocha": "^9.2.1"
            }
        },
        "node_modules/axios": {
            "version": "0.26.1",
            "resolved": "https://registry.npmjs.org/axios/-/axios-0.26.1.tgz",
            "integrity": "sha512-fPwcX4EvnSHuInCMItEhAGnaSEXRBjtzh9fOtsE6E1G6p7vl7edEeZe11QHf18+6+9gR5PbKV/sGKNaD8YaMeA==",
            "dependencies": {
                "follow-redirects": "^1.14.8"
            }
        },
        "node_modules/follow-redirects": {
            "version": "1.14.9",
            "resolved": "https://registry.npmjs.org/follow-redirects/-/follow-redirects-1.14.9.tgz",
            "integrity": "sha512-MQDfihBQYMcyy5dhRDJUHcw7lb2Pv/TuE6xP1vyraLukNDHKbDxDNaOE3NbCAdKQApno+GPRyo1YAp89yCjK4w==",
            "funding": [
                {
                    "type": "individual",
                    "url": "https://github.com/sponsors/RubenVerborgh"
                }
            ],
            "engines": {
                "node": ">=4.0"
            },
            "peerDependenciesMeta": {
                "debug": {
                    "optional": true
                }
            }
        },
        "node_modules/projx-services-components": {
            "resolved": "../../projx-services/projx-services-components",
            "link": true
        }
    },
    "dependencies": {
        "axios": {
            "version": "0.26.1",
            "resolved": "https://registry.npmjs.org/axios/-/axios-0.26.1.tgz",
            "integrity": "sha512-fPwcX4EvnSHuInCMItEhAGnaSEXRBjtzh9fOtsE6E1G6p7vl7edEeZe11QHf18+6+9gR5PbKV/sGKNaD8YaMeA==",
            "requires": {
                "follow-redirects": "^1.14.8"
            }
        },
        "follow-redirects": {
            "version": "1.14.9",
            "resolved": "https://registry.npmjs.org/follow-redirects/-/follow-redirects-1.14.9.tgz",
            "integrity": "sha512-MQDfihBQYMcyy5dhRDJUHcw7lb2Pv/TuE6xP1vyraLukNDHKbDxDNaOE3NbCAdKQApno+GPRyo1YAp89yCjK4w=="
        },
        "projx-services-components": {
            "version": "file:../../projx-services/projx-services-components",
            "requires": {
                "@google-cloud/logging-winston": "^4.2.2",
                "amqplib": "^0.8.0",
                "axios": "^0.26.0",
                "bcrypt": "^5.0.1",
                "chai": "^4.3.6",
                "dotenv": "^11.0.0",
                "firebase-admin": "^10.0.2",
                "jose": "^4.3.8",
                "jsonwebtoken": "^8.5.1",
                "mariadb": "^3.0.0",
                "mocha": "^9.2.1",
                "mongodb": "^4.3.1",
                "sequelize": "^6.17.0",
                "uuid": "^8.3.2",
                "winston": "^3.7.2"
            }
        }
    }
}
